
Microsoft Visual Studio Solution File, Format Version 12.00
# Visual Studio Version 17
VisualStudioVersion = 17.0.31903.59
MinimumVisualStudioVersion = 10.0.40219.1
Project("{FAE04EC0-301F-11D3-BF4B-00C04F79EFBC}") = "BuberBreakfast", "BuberBreakfast\BuberBreakfast.csproj", "{5CF0B089-6CAC-4095-8835-04ED2B5BD4D9}"
EndProject
Global
	GlobalSection(SolutionConfigurationPlatforms) = preSolution
		Debug|Any CPU = Debug|Any CPU
		Release|Any CPU = Release|Any CPU
	EndGlobalSection
	GlobalSection(ProjectConfigurationPlatforms) = postSolution
		{5CF0B089-6CAC-4095-8835-04ED2B5BD4D9}.Debug|Any CPU.ActiveCfg = Debug|Any CPU
		{5CF0B089-6CAC-4095-8835-04ED2B5BD4D9}.Debug|Any CPU.Build.0 = Debug|Any CPU
		{5CF0B089-6CAC-4095-8835-04ED2B5BD4D9}.Release|Any CPU.ActiveCfg = Release|Any CPU
		{5CF0B089-6CAC-4095-8835-04ED2B5BD4D9}.Release|Any CPU.Build.0 = Release|Any CPU
	EndGlobalSection
	GlobalSection(SolutionProperties) = preSolution
		HideSolutionNode = FALSE
	EndGlobalSection
	GlobalSection(ExtensibilityGlobals) = postSolution
		SolutionGuid = {A6DD6228-711E-4180-A756-7F1BCDD524F3}
	EndGlobalSection
EndGlobal
