
Microsoft Visual Studio Solution File, Format Version 12.00
# Visual Studio Version 17
VisualStudioVersion = 17.0.31903.59
MinimumVisualStudioVersion = 10.0.40219.1
Project("{FAE04EC0-301F-11D3-BF4B-00C04F79EFBC}") = "CollectionsPractice", "CollectionsPractice\CollectionsPractice.csproj", "{1955070E-9E3C-4EA6-B6F7-708FF26B9CD5}"
EndProject
Global
	GlobalSection(SolutionConfigurationPlatforms) = preSolution
		Debug|Any CPU = Debug|Any CPU
		Release|Any CPU = Release|Any CPU
	EndGlobalSection
	GlobalSection(SolutionProperties) = preSolution
		HideSolutionNode = FALSE
	EndGlobalSection
	GlobalSection(ProjectConfigurationPlatforms) = postSolution
		{1955070E-9E3C-4EA6-B6F7-708FF26B9CD5}.Debug|Any CPU.ActiveCfg = Debug|Any CPU
		{1955070E-9E3C-4EA6-B6F7-708FF26B9CD5}.Debug|Any CPU.Build.0 = Debug|Any CPU
		{1955070E-9E3C-4EA6-B6F7-708FF26B9CD5}.Release|Any CPU.ActiveCfg = Release|Any CPU
		{1955070E-9E3C-4EA6-B6F7-708FF26B9CD5}.Release|Any CPU.Build.0 = Release|Any CPU
	EndGlobalSection
EndGlobal
